
Microsoft Visual Studio Solution File, Format Version 12.00
# Visual Studio Version 17
VisualStudioVersion = 17.5.33516.290
MinimumVisualStudioVersion = 10.0.40219.1
Project("{2150E333-8FDC-42A3-9474-1A3956D46DE8}") = "Services", "Services", "{C4D210A8-54BF-4ADC-AD37-8019911A7E9D}"
EndProject
Project("{9A19103F-16F7-4668-BE54-9A1E7A4F7556}") = "Catalog.APIs", "Services\Catalog.APIs\Catalog.APIs.csproj", "{FB2E2A1B-F0C1-41D6-8BBC-1B7F4A0BBA0A}"
EndProject
Project("{E53339B2-1760-4266-BCC7-CA923CBCF16C}") = "docker-compose", "docker-compose.dcproj", "{5E7B5819-88AB-4AEC-B8D0-4407DDA75D07}"
EndProject
Global
	GlobalSection(SolutionConfigurationPlatforms) = preSolution
		Debug|Any CPU = Debug|Any CPU
		Release|Any CPU = Release|Any CPU
	EndGlobalSection
	GlobalSection(ProjectConfigurationPlatforms) = postSolution
		{FB2E2A1B-F0C1-41D6-8BBC-1B7F4A0BBA0A}.Debug|Any CPU.ActiveCfg = Debug|Any CPU
		{FB2E2A1B-F0C1-41D6-8BBC-1B7F4A0BBA0A}.Debug|Any CPU.Build.0 = Debug|Any CPU
		{FB2E2A1B-F0C1-41D6-8BBC-1B7F4A0BBA0A}.Release|Any CPU.ActiveCfg = Release|Any CPU
		{FB2E2A1B-F0C1-41D6-8BBC-1B7F4A0BBA0A}.Release|Any CPU.Build.0 = Release|Any CPU
		{5E7B5819-88AB-4AEC-B8D0-4407DDA75D07}.Debug|Any CPU.ActiveCfg = Debug|Any CPU
		{5E7B5819-88AB-4AEC-B8D0-4407DDA75D07}.Debug|Any CPU.Build.0 = Debug|Any CPU
		{5E7B5819-88AB-4AEC-B8D0-4407DDA75D07}.Release|Any CPU.ActiveCfg = Release|Any CPU
		{5E7B5819-88AB-4AEC-B8D0-4407DDA75D07}.Release|Any CPU.Build.0 = Release|Any CPU
	EndGlobalSection
	GlobalSection(SolutionProperties) = preSolution
		HideSolutionNode = FALSE
	EndGlobalSection
	GlobalSection(NestedProjects) = preSolution
		{FB2E2A1B-F0C1-41D6-8BBC-1B7F4A0BBA0A} = {C4D210A8-54BF-4ADC-AD37-8019911A7E9D}
	EndGlobalSection
	GlobalSection(ExtensibilityGlobals) = postSolution
		SolutionGuid = {DFF588B0-CCEB-49CD-BEEC-35642A8ACC13}
	EndGlobalSection
EndGlobal
