
Microsoft Visual Studio Solution File, Format Version 12.00
# Visual Studio Version 17
VisualStudioVersion = 17.5.33516.290
MinimumVisualStudioVersion = 10.0.40219.1
Project("{2150E333-8FDC-42A3-9474-1A3956D46DE8}") = "Services", "Services", "{C4D210A8-54BF-4ADC-AD37-8019911A7E9D}"
EndProject
Project("{FAE04EC0-301F-11D3-BF4B-00C04F79EFBC}") = "Catalog.APIs", "Services\Catalog.APIs\Catalog.APIs\Catalog.APIs.csproj", "{9745733F-E453-4435-A71C-AB55D5BBCF4F}"
EndProject
Global
	GlobalSection(SolutionConfigurationPlatforms) = preSolution
		Debug|Any CPU = Debug|Any CPU
		Release|Any CPU = Release|Any CPU
	EndGlobalSection
	GlobalSection(ProjectConfigurationPlatforms) = postSolution
		{9745733F-E453-4435-A71C-AB55D5BBCF4F}.Debug|Any CPU.ActiveCfg = Debug|Any CPU
		{9745733F-E453-4435-A71C-AB55D5BBCF4F}.Debug|Any CPU.Build.0 = Debug|Any CPU
		{9745733F-E453-4435-A71C-AB55D5BBCF4F}.Release|Any CPU.ActiveCfg = Release|Any CPU
		{9745733F-E453-4435-A71C-AB55D5BBCF4F}.Release|Any CPU.Build.0 = Release|Any CPU
	EndGlobalSection
	GlobalSection(SolutionProperties) = preSolution
		HideSolutionNode = FALSE
	EndGlobalSection
	GlobalSection(NestedProjects) = preSolution
		{9745733F-E453-4435-A71C-AB55D5BBCF4F} = {C4D210A8-54BF-4ADC-AD37-8019911A7E9D}
	EndGlobalSection
	GlobalSection(ExtensibilityGlobals) = postSolution
		SolutionGuid = {DFF588B0-CCEB-49CD-BEEC-35642A8ACC13}
	EndGlobalSection
EndGlobal
